
Microsoft Visual Studio Solution File, Format Version 12.00
# Visual Studio Version 17
VisualStudioVersion = 17.8.34330.188
MinimumVisualStudioVersion = 10.0.40219.1
Project("{9A19103F-16F7-4668-BE54-9A1E7A4F7556}") = "take1", "ConsoleApp1\take1.csproj", "{DA3CEFA3-06B4-4A62-A513-EE1C8A899D29}"
EndProject
Project("{9A19103F-16F7-4668-BE54-9A1E7A4F7556}") = "take3", "Less1\take3.csproj", "{3B749FD1-0190-45FD-8012-95D0470A6202}"
EndProject
Project("{9A19103F-16F7-4668-BE54-9A1E7A4F7556}") = "take2", "dz1\take2.csproj", "{C09506A5-A4DF-407E-B8D5-3C69EF2E40A1}"
EndProject
Project("{9A19103F-16F7-4668-BE54-9A1E7A4F7556}") = "Lesson3", "Lesson3\Lesson3.csproj", "{C830D80E-C992-4937-BB39-F00AE8041884}"
EndProject
Project("{FAE04EC0-301F-11D3-BF4B-00C04F79EFBC}") = "dzLesson3", "lesson4\dzLesson3.csproj", "{9BD0E8EE-DA3D-4DC8-A2CD-241A9928B753}"
EndProject
Global
	GlobalSection(SolutionConfigurationPlatforms) = preSolution
		Debug|Any CPU = Debug|Any CPU
		Release|Any CPU = Release|Any CPU
	EndGlobalSection
	GlobalSection(ProjectConfigurationPlatforms) = postSolution
		{DA3CEFA3-06B4-4A62-A513-EE1C8A899D29}.Debug|Any CPU.ActiveCfg = Debug|Any CPU
		{DA3CEFA3-06B4-4A62-A513-EE1C8A899D29}.Debug|Any CPU.Build.0 = Debug|Any CPU
		{DA3CEFA3-06B4-4A62-A513-EE1C8A899D29}.Release|Any CPU.ActiveCfg = Release|Any CPU
		{DA3CEFA3-06B4-4A62-A513-EE1C8A899D29}.Release|Any CPU.Build.0 = Release|Any CPU
		{3B749FD1-0190-45FD-8012-95D0470A6202}.Debug|Any CPU.ActiveCfg = Debug|Any CPU
		{3B749FD1-0190-45FD-8012-95D0470A6202}.Debug|Any CPU.Build.0 = Debug|Any CPU
		{3B749FD1-0190-45FD-8012-95D0470A6202}.Release|Any CPU.ActiveCfg = Release|Any CPU
		{3B749FD1-0190-45FD-8012-95D0470A6202}.Release|Any CPU.Build.0 = Release|Any CPU
		{C09506A5-A4DF-407E-B8D5-3C69EF2E40A1}.Debug|Any CPU.ActiveCfg = Debug|Any CPU
		{C09506A5-A4DF-407E-B8D5-3C69EF2E40A1}.Debug|Any CPU.Build.0 = Debug|Any CPU
		{C09506A5-A4DF-407E-B8D5-3C69EF2E40A1}.Release|Any CPU.ActiveCfg = Release|Any CPU
		{C09506A5-A4DF-407E-B8D5-3C69EF2E40A1}.Release|Any CPU.Build.0 = Release|Any CPU
		{C830D80E-C992-4937-BB39-F00AE8041884}.Debug|Any CPU.ActiveCfg = Debug|Any CPU
		{C830D80E-C992-4937-BB39-F00AE8041884}.Debug|Any CPU.Build.0 = Debug|Any CPU
		{C830D80E-C992-4937-BB39-F00AE8041884}.Release|Any CPU.ActiveCfg = Release|Any CPU
		{C830D80E-C992-4937-BB39-F00AE8041884}.Release|Any CPU.Build.0 = Release|Any CPU
		{9BD0E8EE-DA3D-4DC8-A2CD-241A9928B753}.Debug|Any CPU.ActiveCfg = Debug|Any CPU
		{9BD0E8EE-DA3D-4DC8-A2CD-241A9928B753}.Debug|Any CPU.Build.0 = Debug|Any CPU
		{9BD0E8EE-DA3D-4DC8-A2CD-241A9928B753}.Release|Any CPU.ActiveCfg = Release|Any CPU
		{9BD0E8EE-DA3D-4DC8-A2CD-241A9928B753}.Release|Any CPU.Build.0 = Release|Any CPU
	EndGlobalSection
	GlobalSection(SolutionProperties) = preSolution
		HideSolutionNode = FALSE
	EndGlobalSection
	GlobalSection(ExtensibilityGlobals) = postSolution
		SolutionGuid = {3802DCE6-9895-42DF-953A-6616D0D5B5B6}
	EndGlobalSection
EndGlobal
